
Microsoft Visual Studio Solution File, Format Version 12.00
Project("{FAE04EC0-301F-11D3-BF4B-00C04F79EFBC}") = "AiAssistant.Api", "AiAssistant.Api\AiAssistant.Api.csproj", "{EE84EFE3-1E8B-4729-AEB4-E8D4F627B3B5}"
EndProject
Project("{FAE04EC0-301F-11D3-BF4B-00C04F79EFBC}") = "AiAssistant.Core", "AiAssistant.Core\AiAssistant.Core.csproj", "{D699BEF8-F8CD-4047-AC34-F582F94939D6}"
EndProject
Project("{FAE04EC0-301F-11D3-BF4B-00C04F79EFBC}") = "AiAssistant.Infrastructure", "AiAssistant.Infrastructure\AiAssistant.Infrastructure.csproj", "{239D6CF5-A988-4627-A4B1-30F9779A1CD7}"
EndProject
Project("{2150E333-8FDC-42A3-9474-1A3956D46DE8}") = "src", "src", "{F1319FFA-D169-4A94-AF80-008B62895EA3}"
EndProject
Project("{2150E333-8FDC-42A3-9474-1A3956D46DE8}") = "tests", "tests", "{BA7278D0-81EB-4E1F-B925-F695F3B3BD1B}"
EndProject
Global
	GlobalSection(SolutionConfigurationPlatforms) = preSolution
		Debug|Any CPU = Debug|Any CPU
		Release|Any CPU = Release|Any CPU
	EndGlobalSection
	GlobalSection(ProjectConfigurationPlatforms) = postSolution
		{EE84EFE3-1E8B-4729-AEB4-E8D4F627B3B5}.Debug|Any CPU.ActiveCfg = Debug|Any CPU
		{EE84EFE3-1E8B-4729-AEB4-E8D4F627B3B5}.Debug|Any CPU.Build.0 = Debug|Any CPU
		{EE84EFE3-1E8B-4729-AEB4-E8D4F627B3B5}.Release|Any CPU.ActiveCfg = Release|Any CPU
		{EE84EFE3-1E8B-4729-AEB4-E8D4F627B3B5}.Release|Any CPU.Build.0 = Release|Any CPU
		{D699BEF8-F8CD-4047-AC34-F582F94939D6}.Debug|Any CPU.ActiveCfg = Debug|Any CPU
		{D699BEF8-F8CD-4047-AC34-F582F94939D6}.Debug|Any CPU.Build.0 = Debug|Any CPU
		{D699BEF8-F8CD-4047-AC34-F582F94939D6}.Release|Any CPU.ActiveCfg = Release|Any CPU
		{D699BEF8-F8CD-4047-AC34-F582F94939D6}.Release|Any CPU.Build.0 = Release|Any CPU
		{239D6CF5-A988-4627-A4B1-30F9779A1CD7}.Debug|Any CPU.ActiveCfg = Debug|Any CPU
		{239D6CF5-A988-4627-A4B1-30F9779A1CD7}.Debug|Any CPU.Build.0 = Debug|Any CPU
		{239D6CF5-A988-4627-A4B1-30F9779A1CD7}.Release|Any CPU.ActiveCfg = Release|Any CPU
		{239D6CF5-A988-4627-A4B1-30F9779A1CD7}.Release|Any CPU.Build.0 = Release|Any CPU
	EndGlobalSection
	GlobalSection(NestedProjects) = preSolution
		{EE84EFE3-1E8B-4729-AEB4-E8D4F627B3B5} = {F1319FFA-D169-4A94-AF80-008B62895EA3}
		{D699BEF8-F8CD-4047-AC34-F582F94939D6} = {F1319FFA-D169-4A94-AF80-008B62895EA3}
		{239D6CF5-A988-4627-A4B1-30F9779A1CD7} = {F1319FFA-D169-4A94-AF80-008B62895EA3}
	EndGlobalSection
EndGlobal
